
Microsoft Visual Studio Solution File, Format Version 12.00
# Visual Studio Version 17
VisualStudioVersion = 17.8.34309.116
MinimumVisualStudioVersion = 10.0.40219.1
Project("{9A19103F-16F7-4668-BE54-9A1E7A4F7556}") = "RoomBookingApp.Core.Tests", "RoomBookingApp.Core.Tests\RoomBookingApp.Core.Tests.csproj", "{0D6B4872-6D89-4644-9A3A-577F1538BF17}"
EndProject
Project("{9A19103F-16F7-4668-BE54-9A1E7A4F7556}") = "RoomBookingApp.Core", "RoomBookingApp.Core\RoomBookingApp.Core.csproj", "{02250598-07CD-4EC9-9AD9-86D9CD0CDD99}"
EndProject
Global
	GlobalSection(SolutionConfigurationPlatforms) = preSolution
		Debug|Any CPU = Debug|Any CPU
		Release|Any CPU = Release|Any CPU
	EndGlobalSection
	GlobalSection(ProjectConfigurationPlatforms) = postSolution
		{0D6B4872-6D89-4644-9A3A-577F1538BF17}.Debug|Any CPU.ActiveCfg = Debug|Any CPU
		{0D6B4872-6D89-4644-9A3A-577F1538BF17}.Debug|Any CPU.Build.0 = Debug|Any CPU
		{0D6B4872-6D89-4644-9A3A-577F1538BF17}.Release|Any CPU.ActiveCfg = Release|Any CPU
		{0D6B4872-6D89-4644-9A3A-577F1538BF17}.Release|Any CPU.Build.0 = Release|Any CPU
		{02250598-07CD-4EC9-9AD9-86D9CD0CDD99}.Debug|Any CPU.ActiveCfg = Debug|Any CPU
		{02250598-07CD-4EC9-9AD9-86D9CD0CDD99}.Debug|Any CPU.Build.0 = Debug|Any CPU
		{02250598-07CD-4EC9-9AD9-86D9CD0CDD99}.Release|Any CPU.ActiveCfg = Release|Any CPU
		{02250598-07CD-4EC9-9AD9-86D9CD0CDD99}.Release|Any CPU.Build.0 = Release|Any CPU
	EndGlobalSection
	GlobalSection(SolutionProperties) = preSolution
		HideSolutionNode = FALSE
	EndGlobalSection
	GlobalSection(ExtensibilityGlobals) = postSolution
		SolutionGuid = {D2ABF8AD-C7E4-4DDC-B05E-CB396131046B}
	EndGlobalSection
EndGlobal
